
Microsoft Visual Studio Solution File, Format Version 12.00
# Visual Studio Version 16
VisualStudioVersion = 16.0.31129.286
MinimumVisualStudioVersion = 10.0.40219.1
Project("{9A19103F-16F7-4668-BE54-9A1E7A4F7556}") = "EFCore01", "EFCore01.csproj", "{0752DFB3-6B98-41B3-825F-C56DD9730A63}"
EndProject
Project("{9A19103F-16F7-4668-BE54-9A1E7A4F7556}") = "EFcoreReverseEngineering", "..\EFcoreReverseEngineering\EFcoreReverseEngineering.csproj", "{DD53653A-C1AC-4F36-B448-47ECF66D9C80}"
EndProject
Project("{FAE04EC0-301F-11D3-BF4B-00C04F79EFBC}") = "EFCorePowerTool", "..\EFCorePowerTool\EFCorePowerTool.csproj", "{F961C0EE-F999-41B5-862F-C94883ECF7E3}"
EndProject
Global
	GlobalSection(SolutionConfigurationPlatforms) = preSolution
		Debug|Any CPU = Debug|Any CPU
		Release|Any CPU = Release|Any CPU
	EndGlobalSection
	GlobalSection(ProjectConfigurationPlatforms) = postSolution
		{0752DFB3-6B98-41B3-825F-C56DD9730A63}.Debug|Any CPU.ActiveCfg = Debug|Any CPU
		{0752DFB3-6B98-41B3-825F-C56DD9730A63}.Debug|Any CPU.Build.0 = Debug|Any CPU
		{0752DFB3-6B98-41B3-825F-C56DD9730A63}.Release|Any CPU.ActiveCfg = Release|Any CPU
		{0752DFB3-6B98-41B3-825F-C56DD9730A63}.Release|Any CPU.Build.0 = Release|Any CPU
		{DD53653A-C1AC-4F36-B448-47ECF66D9C80}.Debug|Any CPU.ActiveCfg = Debug|Any CPU
		{DD53653A-C1AC-4F36-B448-47ECF66D9C80}.Debug|Any CPU.Build.0 = Debug|Any CPU
		{DD53653A-C1AC-4F36-B448-47ECF66D9C80}.Release|Any CPU.ActiveCfg = Release|Any CPU
		{DD53653A-C1AC-4F36-B448-47ECF66D9C80}.Release|Any CPU.Build.0 = Release|Any CPU
		{F961C0EE-F999-41B5-862F-C94883ECF7E3}.Debug|Any CPU.ActiveCfg = Debug|Any CPU
		{F961C0EE-F999-41B5-862F-C94883ECF7E3}.Debug|Any CPU.Build.0 = Debug|Any CPU
		{F961C0EE-F999-41B5-862F-C94883ECF7E3}.Release|Any CPU.ActiveCfg = Release|Any CPU
		{F961C0EE-F999-41B5-862F-C94883ECF7E3}.Release|Any CPU.Build.0 = Release|Any CPU
	EndGlobalSection
	GlobalSection(SolutionProperties) = preSolution
		HideSolutionNode = FALSE
	EndGlobalSection
	GlobalSection(ExtensibilityGlobals) = postSolution
		SolutionGuid = {53377C13-AEF9-488A-B809-C47E4D935A90}
	EndGlobalSection
EndGlobal
